
Microsoft Visual Studio Solution File, Format Version 12.00
# Visual Studio 2013
VisualStudioVersion = 12.0.21005.1
MinimumVisualStudioVersion = 10.0.40219.1
Project("{888888A0-9F3D-457C-B088-3A5042F75D52}") = "pysnptools", "pysnptools.pyproj", "{60F1CB4A-9DA3-47C2-9B89-60AC1CE93347}"
EndProject
Project("{888888A0-9F3D-457C-B088-3A5042F75D52}") = "tests", "..\tests\tests.pyproj", "{3EE8BAA4-AB65-41F2-AF90-A3CF3189016E}"
EndProject
Global
	GlobalSection(SolutionConfigurationPlatforms) = preSolution
		Debug|Any CPU = Debug|Any CPU
		Release|Any CPU = Release|Any CPU
	EndGlobalSection
	GlobalSection(ProjectConfigurationPlatforms) = postSolution
		{60F1CB4A-9DA3-47C2-9B89-60AC1CE93347}.Debug|Any CPU.ActiveCfg = Debug|Any CPU
		{60F1CB4A-9DA3-47C2-9B89-60AC1CE93347}.Release|Any CPU.ActiveCfg = Release|Any CPU
		{3EE8BAA4-AB65-41F2-AF90-A3CF3189016E}.Debug|Any CPU.ActiveCfg = Debug|Any CPU
		{3EE8BAA4-AB65-41F2-AF90-A3CF3189016E}.Release|Any CPU.ActiveCfg = Release|Any CPU
	EndGlobalSection
	GlobalSection(SolutionProperties) = preSolution
		HideSolutionNode = FALSE
	EndGlobalSection
EndGlobal
